
Microsoft Visual Studio Solution File, Format Version 12.00
# Visual Studio Version 16
VisualStudioVersion = 16.0.29920.165
MinimumVisualStudioVersion = 10.0.40219.1
Project("{2150E333-8FDC-42A3-9474-1A3956D46DE8}") = "src", "src", "{F9D5F631-8E4D-43DC-B647-6680D2549996}"
EndProject
Project("{FAE04EC0-301F-11D3-BF4B-00C04F79EFBC}") = "BlazorApp.WebAssembly", "src\BlazorApp.WebAssembly\BlazorApp.WebAssembly.csproj", "{F4A93D59-EB5D-4C61-8A02-F5A85B1A6952}"
EndProject
Project("{2150E333-8FDC-42A3-9474-1A3956D46DE8}") = "test", "test", "{352D7F3E-F775-4826-BFF7-E6E09CECF0F5}"
EndProject
Project("{FAE04EC0-301F-11D3-BF4B-00C04F79EFBC}") = "BlazorApp.WebAssembly.Tests", "test\BlazorApp.WebAssembly.Tests\BlazorApp.WebAssembly.Tests.csproj", "{3E0EB1AD-51E3-4C21-A1F7-F7FA3DE19ED5}"
EndProject
Global
	GlobalSection(SolutionConfigurationPlatforms) = preSolution
		Debug|Any CPU = Debug|Any CPU
		Release|Any CPU = Release|Any CPU
	EndGlobalSection
	GlobalSection(ProjectConfigurationPlatforms) = postSolution
		{F4A93D59-EB5D-4C61-8A02-F5A85B1A6952}.Debug|Any CPU.ActiveCfg = Debug|Any CPU
		{F4A93D59-EB5D-4C61-8A02-F5A85B1A6952}.Debug|Any CPU.Build.0 = Debug|Any CPU
		{F4A93D59-EB5D-4C61-8A02-F5A85B1A6952}.Release|Any CPU.ActiveCfg = Release|Any CPU
		{F4A93D59-EB5D-4C61-8A02-F5A85B1A6952}.Release|Any CPU.Build.0 = Release|Any CPU
		{3E0EB1AD-51E3-4C21-A1F7-F7FA3DE19ED5}.Debug|Any CPU.ActiveCfg = Debug|Any CPU
		{3E0EB1AD-51E3-4C21-A1F7-F7FA3DE19ED5}.Debug|Any CPU.Build.0 = Debug|Any CPU
		{3E0EB1AD-51E3-4C21-A1F7-F7FA3DE19ED5}.Release|Any CPU.ActiveCfg = Release|Any CPU
		{3E0EB1AD-51E3-4C21-A1F7-F7FA3DE19ED5}.Release|Any CPU.Build.0 = Release|Any CPU
	EndGlobalSection
	GlobalSection(SolutionProperties) = preSolution
		HideSolutionNode = FALSE
	EndGlobalSection
	GlobalSection(NestedProjects) = preSolution
		{F4A93D59-EB5D-4C61-8A02-F5A85B1A6952} = {F9D5F631-8E4D-43DC-B647-6680D2549996}
		{3E0EB1AD-51E3-4C21-A1F7-F7FA3DE19ED5} = {352D7F3E-F775-4826-BFF7-E6E09CECF0F5}
	EndGlobalSection
	GlobalSection(ExtensibilityGlobals) = postSolution
		SolutionGuid = {A96F8EEC-9B59-464E-9229-F478D86B05F9}
	EndGlobalSection
EndGlobal
